
Microsoft Visual Studio Solution File, Format Version 12.00
# Visual Studio Version 16
VisualStudioVersion = 16.0.29806.167
MinimumVisualStudioVersion = 10.0.40219.1
Project("{9A19103F-16F7-4668-BE54-9A1E7A4F7556}") = "Queue", "Queue\Queue.csproj", "{219DDE92-3EFB-482F-870C-25903AFFAF98}"
EndProject
Project("{9A19103F-16F7-4668-BE54-9A1E7A4F7556}") = "Priority_Queue", "Priority_Queue\Priority_Queue.csproj", "{99B0073B-C0A5-4EB7-8328-6F08A9221AFE}"
EndProject
Project("{9A19103F-16F7-4668-BE54-9A1E7A4F7556}") = "Stack", "Stos\Stack.csproj", "{458E42E6-F5F8-4A20-91AD-03788DF91880}"
EndProject
Project("{9A19103F-16F7-4668-BE54-9A1E7A4F7556}") = "Singly_Linked_List", "Singly_Linked_List\Singly_Linked_List.csproj", "{81DF872A-C96C-4CAF-88E4-62FB66928FA6}"
EndProject
Project("{FAE04EC0-301F-11D3-BF4B-00C04F79EFBC}") = "Doubly_Linked_List", "Doubly_Linked_List\Doubly_Linked_List.csproj", "{49336469-CAA8-48DD-B22E-242CEFA04B9F}"
EndProject
Global
	GlobalSection(SolutionConfigurationPlatforms) = preSolution
		Debug|Any CPU = Debug|Any CPU
		Release|Any CPU = Release|Any CPU
	EndGlobalSection
	GlobalSection(ProjectConfigurationPlatforms) = postSolution
		{219DDE92-3EFB-482F-870C-25903AFFAF98}.Debug|Any CPU.ActiveCfg = Debug|Any CPU
		{219DDE92-3EFB-482F-870C-25903AFFAF98}.Debug|Any CPU.Build.0 = Debug|Any CPU
		{219DDE92-3EFB-482F-870C-25903AFFAF98}.Release|Any CPU.ActiveCfg = Release|Any CPU
		{219DDE92-3EFB-482F-870C-25903AFFAF98}.Release|Any CPU.Build.0 = Release|Any CPU
		{99B0073B-C0A5-4EB7-8328-6F08A9221AFE}.Debug|Any CPU.ActiveCfg = Debug|Any CPU
		{99B0073B-C0A5-4EB7-8328-6F08A9221AFE}.Debug|Any CPU.Build.0 = Debug|Any CPU
		{99B0073B-C0A5-4EB7-8328-6F08A9221AFE}.Release|Any CPU.ActiveCfg = Release|Any CPU
		{99B0073B-C0A5-4EB7-8328-6F08A9221AFE}.Release|Any CPU.Build.0 = Release|Any CPU
		{458E42E6-F5F8-4A20-91AD-03788DF91880}.Debug|Any CPU.ActiveCfg = Debug|Any CPU
		{458E42E6-F5F8-4A20-91AD-03788DF91880}.Debug|Any CPU.Build.0 = Debug|Any CPU
		{458E42E6-F5F8-4A20-91AD-03788DF91880}.Release|Any CPU.ActiveCfg = Release|Any CPU
		{458E42E6-F5F8-4A20-91AD-03788DF91880}.Release|Any CPU.Build.0 = Release|Any CPU
		{81DF872A-C96C-4CAF-88E4-62FB66928FA6}.Debug|Any CPU.ActiveCfg = Debug|Any CPU
		{81DF872A-C96C-4CAF-88E4-62FB66928FA6}.Debug|Any CPU.Build.0 = Debug|Any CPU
		{81DF872A-C96C-4CAF-88E4-62FB66928FA6}.Release|Any CPU.ActiveCfg = Release|Any CPU
		{81DF872A-C96C-4CAF-88E4-62FB66928FA6}.Release|Any CPU.Build.0 = Release|Any CPU
		{49336469-CAA8-48DD-B22E-242CEFA04B9F}.Debug|Any CPU.ActiveCfg = Debug|Any CPU
		{49336469-CAA8-48DD-B22E-242CEFA04B9F}.Debug|Any CPU.Build.0 = Debug|Any CPU
		{49336469-CAA8-48DD-B22E-242CEFA04B9F}.Release|Any CPU.ActiveCfg = Release|Any CPU
		{49336469-CAA8-48DD-B22E-242CEFA04B9F}.Release|Any CPU.Build.0 = Release|Any CPU
	EndGlobalSection
	GlobalSection(SolutionProperties) = preSolution
		HideSolutionNode = FALSE
	EndGlobalSection
	GlobalSection(ExtensibilityGlobals) = postSolution
		SolutionGuid = {EFFC4C46-006C-4914-BF99-2CFFBD27467D}
	EndGlobalSection
EndGlobal
